
Microsoft Visual Studio Solution File, Format Version 12.00
# Visual Studio 14
VisualStudioVersion = 14.0.23107.0
MinimumVisualStudioVersion = 10.0.40219.1
Project("{FAE04EC0-301F-11D3-BF4B-00C04F79EFBC}") = "Peasy.DataProxy.EF6", "Peasy.DataProxy.EF6\Peasy.DataProxy.EF6.csproj", "{F3BB649F-B2B7-46E7-91F8-37A5F2689330}"
EndProject
Project("{FAE04EC0-301F-11D3-BF4B-00C04F79EFBC}") = "Peasy.DataProxy.EF6.Tests", "Peasy.DataProxy.EF6.Tests\Peasy.DataProxy.EF6.Tests.csproj", "{6F4AC5E5-7F83-4434-AAEA-290F07850504}"
EndProject
Global
	GlobalSection(SolutionConfigurationPlatforms) = preSolution
		Debug|Any CPU = Debug|Any CPU
		Release|Any CPU = Release|Any CPU
	EndGlobalSection
	GlobalSection(ProjectConfigurationPlatforms) = postSolution
		{F3BB649F-B2B7-46E7-91F8-37A5F2689330}.Debug|Any CPU.ActiveCfg = Debug|Any CPU
		{F3BB649F-B2B7-46E7-91F8-37A5F2689330}.Debug|Any CPU.Build.0 = Debug|Any CPU
		{F3BB649F-B2B7-46E7-91F8-37A5F2689330}.Release|Any CPU.ActiveCfg = Release|Any CPU
		{F3BB649F-B2B7-46E7-91F8-37A5F2689330}.Release|Any CPU.Build.0 = Release|Any CPU
		{6F4AC5E5-7F83-4434-AAEA-290F07850504}.Debug|Any CPU.ActiveCfg = Debug|Any CPU
		{6F4AC5E5-7F83-4434-AAEA-290F07850504}.Debug|Any CPU.Build.0 = Debug|Any CPU
		{6F4AC5E5-7F83-4434-AAEA-290F07850504}.Release|Any CPU.ActiveCfg = Release|Any CPU
		{6F4AC5E5-7F83-4434-AAEA-290F07850504}.Release|Any CPU.Build.0 = Release|Any CPU
	EndGlobalSection
	GlobalSection(SolutionProperties) = preSolution
		HideSolutionNode = FALSE
	EndGlobalSection
EndGlobal
